// !$*UTF8*$!
{
	archiveVersion = 1;
	classes = {
	};
	objectVersion = 50;
	objects = {

/* Begin PBXBuildFile section */
		1457DCD5252C69850046DDAC /* JavascriptModelOutput.swift in Sources */ = {isa = PBXBuildFile; fileRef = 1457DCD4252C69850046DDAC /* JavascriptModelOutput.swift */; };
		14847C13252C72350045200C /* Create.swift in Sources */ = {isa = PBXBuildFile; fileRef = 1498C598209640CA0009CF61 /* Create.swift */; };
		14847C14252C72350045200C /* CreateModel.swift in Sources */ = {isa = PBXBuildFile; fileRef = 1498C59D209640CA0009CF61 /* CreateModel.swift */; };
		14847C15252C72350045200C /* main.swift in Sources */ = {isa = PBXBuildFile; fileRef = 1498C594209640C90009CF61 /* main.swift */; };
		14847C16252C72350045200C /* CreateProjectTemplateCommand.swift in Sources */ = {isa = PBXBuildFile; fileRef = 1498C593209640C90009CF61 /* CreateProjectTemplateCommand.swift */; };
		14847C17252C72350045200C /* DeployCommand.swift in Sources */ = {isa = PBXBuildFile; fileRef = 1498C599209640CA0009CF61 /* DeployCommand.swift */; };
		14847C18252C72350045200C /* SwiftModelOutput.swift in Sources */ = {isa = PBXBuildFile; fileRef = 146681AC250A85A300DC2048 /* SwiftModelOutput.swift */; };
		14847C19252C72350045200C /* Command.swift in Sources */ = {isa = PBXBuildFile; fileRef = 1498C592209640C90009CF61 /* Command.swift */; };
		14847C1A252C72350045200C /* Deploy.swift in Sources */ = {isa = PBXBuildFile; fileRef = 1498C59B209640CA0009CF61 /* Deploy.swift */; };
		14847C1B252C72350045200C /* Common.swift in Sources */ = {isa = PBXBuildFile; fileRef = 1498C596209640C90009CF61 /* Common.swift */; };
		14847C1C252C72350045200C /* CreateModelSubclassesCommand.swift in Sources */ = {isa = PBXBuildFile; fileRef = 1498C59E209640CA0009CF61 /* CreateModelSubclassesCommand.swift */; };
		14847C1D252C72350045200C /* CreateProject.swift in Sources */ = {isa = PBXBuildFile; fileRef = 1498C59A209640CA0009CF61 /* CreateProject.swift */; };
		14847C1E252C72350045200C /* Model.swift in Sources */ = {isa = PBXBuildFile; fileRef = 1498C59C209640CA0009CF61 /* Model.swift */; };
		14847C1F252C72350045200C /* Options.swift in Sources */ = {isa = PBXBuildFile; fileRef = 1498C597209640CA0009CF61 /* Options.swift */; };
		14847C20252C72350045200C /* CreateModelTemplateCommand.swift in Sources */ = {isa = PBXBuildFile; fileRef = 1498C595209640C90009CF61 /* CreateModelTemplateCommand.swift */; };
/* End PBXBuildFile section */

/* Begin PBXCopyFilesBuildPhase section */
		1457DCC8252C69400046DDAC /* CopyFiles */ = {
			isa = PBXCopyFilesBuildPhase;
			buildActionMask = 2147483647;
			dstPath = /usr/share/man/man1/;
			dstSubfolderSpec = 0;
			files = (
			);
			runOnlyForDeploymentPostprocessing = 1;
		};
/* End PBXCopyFilesBuildPhase section */

/* Begin PBXFileReference section */
		1457DCCA252C69400046DDAC /* MIOTool */ = {isa = PBXFileReference; explicitFileType = "compiled.mach-o.executable"; includeInIndex = 0; path = MIOTool; sourceTree = BUILT_PRODUCTS_DIR; };
		1457DCD4252C69850046DDAC /* JavascriptModelOutput.swift */ = {isa = PBXFileReference; fileEncoding = 4; lastKnownFileType = sourcecode.swift; name = JavascriptModelOutput.swift; path = Sources/JavascriptModelOutput.swift; sourceTree = "<group>"; };
		146681AC250A85A300DC2048 /* SwiftModelOutput.swift */ = {isa = PBXFileReference; lastKnownFileType = sourcecode.swift; name = SwiftModelOutput.swift; path = Sources/SwiftModelOutput.swift; sourceTree = "<group>"; };
		1498C592209640C90009CF61 /* Command.swift */ = {isa = PBXFileReference; fileEncoding = 4; lastKnownFileType = sourcecode.swift; name = Command.swift; path = Sources/Command.swift; sourceTree = "<group>"; };
		1498C593209640C90009CF61 /* CreateProjectTemplateCommand.swift */ = {isa = PBXFileReference; fileEncoding = 4; lastKnownFileType = sourcecode.swift; name = CreateProjectTemplateCommand.swift; path = Sources/CreateProjectTemplateCommand.swift; sourceTree = "<group>"; };
		1498C594209640C90009CF61 /* main.swift */ = {isa = PBXFileReference; fileEncoding = 4; lastKnownFileType = sourcecode.swift; name = main.swift; path = Sources/main.swift; sourceTree = "<group>"; };
		1498C595209640C90009CF61 /* CreateModelTemplateCommand.swift */ = {isa = PBXFileReference; fileEncoding = 4; lastKnownFileType = sourcecode.swift; name = CreateModelTemplateCommand.swift; path = Sources/CreateModelTemplateCommand.swift; sourceTree = "<group>"; };
		1498C596209640C90009CF61 /* Common.swift */ = {isa = PBXFileReference; fileEncoding = 4; lastKnownFileType = sourcecode.swift; name = Common.swift; path = Sources/Common.swift; sourceTree = "<group>"; };
		1498C597209640CA0009CF61 /* Options.swift */ = {isa = PBXFileReference; fileEncoding = 4; lastKnownFileType = sourcecode.swift; name = Options.swift; path = Sources/Options.swift; sourceTree = "<group>"; };
		1498C598209640CA0009CF61 /* Create.swift */ = {isa = PBXFileReference; fileEncoding = 4; lastKnownFileType = sourcecode.swift; name = Create.swift; path = Sources/Create.swift; sourceTree = "<group>"; };
		1498C599209640CA0009CF61 /* DeployCommand.swift */ = {isa = PBXFileReference; fileEncoding = 4; lastKnownFileType = sourcecode.swift; name = DeployCommand.swift; path = Sources/DeployCommand.swift; sourceTree = "<group>"; };
		1498C59A209640CA0009CF61 /* CreateProject.swift */ = {isa = PBXFileReference; fileEncoding = 4; lastKnownFileType = sourcecode.swift; name = CreateProject.swift; path = Sources/CreateProject.swift; sourceTree = "<group>"; };
		1498C59B209640CA0009CF61 /* Deploy.swift */ = {isa = PBXFileReference; fileEncoding = 4; lastKnownFileType = sourcecode.swift; name = Deploy.swift; path = Sources/Deploy.swift; sourceTree = "<group>"; };
		1498C59C209640CA0009CF61 /* Model.swift */ = {isa = PBXFileReference; fileEncoding = 4; lastKnownFileType = sourcecode.swift; name = Model.swift; path = Sources/Model.swift; sourceTree = "<group>"; };
		1498C59D209640CA0009CF61 /* CreateModel.swift */ = {isa = PBXFileReference; fileEncoding = 4; lastKnownFileType = sourcecode.swift; name = CreateModel.swift; path = Sources/CreateModel.swift; sourceTree = "<group>"; };
		1498C59E209640CA0009CF61 /* CreateModelSubclassesCommand.swift */ = {isa = PBXFileReference; fileEncoding = 4; lastKnownFileType = sourcecode.swift; name = CreateModelSubclassesCommand.swift; path = Sources/CreateModelSubclassesCommand.swift; sourceTree = "<group>"; };
/* End PBXFileReference section */

/* Begin PBXFrameworksBuildPhase section */
		1457DCC7252C69400046DDAC /* Frameworks */ = {
			isa = PBXFrameworksBuildPhase;
			buildActionMask = 2147483647;
			files = (
			);
			runOnlyForDeploymentPostprocessing = 0;
		};
/* End PBXFrameworksBuildPhase section */

/* Begin PBXGroup section */
		146681AB250A855300DC2048 /* Model Subclasses */ = {
			isa = PBXGroup;
			children = (
				1498C59E209640CA0009CF61 /* CreateModelSubclassesCommand.swift */,
				1457DCD4252C69850046DDAC /* JavascriptModelOutput.swift */,
				146681AC250A85A300DC2048 /* SwiftModelOutput.swift */,
			);
			name = "Model Subclasses";
			sourceTree = "<group>";
		};
		1498C57F2096407E0009CF61 = {
			isa = PBXGroup;
			children = (
				1498C5AC209640CE0009CF61 /* Sources */,
				1498C5892096407E0009CF61 /* Products */,
			);
			sourceTree = "<group>";
		};
		1498C5892096407E0009CF61 /* Products */ = {
			isa = PBXGroup;
			children = (
				1457DCCA252C69400046DDAC /* MIOTool */,
			);
			name = Products;
			sourceTree = "<group>";
		};
		1498C5AC209640CE0009CF61 /* Sources */ = {
			isa = PBXGroup;
			children = (
				146681AB250A855300DC2048 /* Model Subclasses */,
				1498C592209640C90009CF61 /* Command.swift */,
				1498C596209640C90009CF61 /* Common.swift */,
				1498C598209640CA0009CF61 /* Create.swift */,
				1498C59D209640CA0009CF61 /* CreateModel.swift */,
				1498C595209640C90009CF61 /* CreateModelTemplateCommand.swift */,
				1498C59A209640CA0009CF61 /* CreateProject.swift */,
				1498C593209640C90009CF61 /* CreateProjectTemplateCommand.swift */,
				1498C59B209640CA0009CF61 /* Deploy.swift */,
				1498C599209640CA0009CF61 /* DeployCommand.swift */,
				1498C594209640C90009CF61 /* main.swift */,
				1498C59C209640CA0009CF61 /* Model.swift */,
				1498C597209640CA0009CF61 /* Options.swift */,
			);
			name = Sources;
			sourceTree = "<group>";
		};
/* End PBXGroup section */

/* Begin PBXNativeTarget section */
		1457DCC9252C69400046DDAC /* MIOTool */ = {
			isa = PBXNativeTarget;
			buildConfigurationList = 1457DCCE252C69400046DDAC /* Build configuration list for PBXNativeTarget "MIOTool" */;
			buildPhases = (
				1457DCC6252C69400046DDAC /* Sources */,
				1457DCC7252C69400046DDAC /* Frameworks */,
				1457DCC8252C69400046DDAC /* CopyFiles */,
				1457DCD2252C69550046DDAC /* ShellScript */,
			);
			buildRules = (
			);
			dependencies = (
			);
			name = MIOTool;
			productName = MIOTool;
			productReference = 1457DCCA252C69400046DDAC /* MIOTool */;
			productType = "com.apple.product-type.tool";
		};
/* End PBXNativeTarget section */

/* Begin PBXProject section */
		1498C5802096407E0009CF61 /* Project object */ = {
			isa = PBXProject;
			attributes = {
				LastSwiftUpdateCheck = 1200;
				LastUpgradeCheck = 0930;
				ORGANIZATIONNAME = "MIO Research Labs";
				TargetAttributes = {
					1457DCC9252C69400046DDAC = {
						CreatedOnToolsVersion = 12.0.1;
					};
				};
			};
			buildConfigurationList = 1498C5832096407E0009CF61 /* Build configuration list for PBXProject "MIOTool" */;
			compatibilityVersion = "Xcode 9.3";
			developmentRegion = en;
			hasScannedForEncodings = 0;
			knownRegions = (
				en,
			);
			mainGroup = 1498C57F2096407E0009CF61;
			productRefGroup = 1498C5892096407E0009CF61 /* Products */;
			projectDirPath = "";
			projectRoot = "";
			targets = (
				1457DCC9252C69400046DDAC /* MIOTool */,
			);
		};
/* End PBXProject section */

/* Begin PBXShellScriptBuildPhase section */
		1457DCD2252C69550046DDAC /* ShellScript */ = {
			isa = PBXShellScriptBuildPhase;
			buildActionMask = 2147483647;
			files = (
			);
			inputFileListPaths = (
			);
			inputPaths = (
			);
			outputFileListPaths = (
			);
			outputPaths = (
			);
			runOnlyForDeploymentPostprocessing = 0;
			shellPath = /bin/sh;
			shellScript = "# Type a script or drag a script file from your workspace to insert its path.\n\ncp -f ${BUILT_PRODUCTS_DIR}/MIOTool ${PROJECT_DIR}/bin/miotool\n";
		};
/* End PBXShellScriptBuildPhase section */

/* Begin PBXSourcesBuildPhase section */
		1457DCC6252C69400046DDAC /* Sources */ = {
			isa = PBXSourcesBuildPhase;
			buildActionMask = 2147483647;
			files = (
				1457DCD5252C69850046DDAC /* JavascriptModelOutput.swift in Sources */,
				14847C1C252C72350045200C /* CreateModelSubclassesCommand.swift in Sources */,
				14847C13252C72350045200C /* Create.swift in Sources */,
				14847C17252C72350045200C /* DeployCommand.swift in Sources */,
				14847C15252C72350045200C /* main.swift in Sources */,
				14847C20252C72350045200C /* CreateModelTemplateCommand.swift in Sources */,
				14847C14252C72350045200C /* CreateModel.swift in Sources */,
				14847C1F252C72350045200C /* Options.swift in Sources */,
				14847C1E252C72350045200C /* Model.swift in Sources */,
				14847C16252C72350045200C /* CreateProjectTemplateCommand.swift in Sources */,
				14847C18252C72350045200C /* SwiftModelOutput.swift in Sources */,
				14847C1A252C72350045200C /* Deploy.swift in Sources */,
				14847C1D252C72350045200C /* CreateProject.swift in Sources */,
				14847C1B252C72350045200C /* Common.swift in Sources */,
				14847C19252C72350045200C /* Command.swift in Sources */,
			);
			runOnlyForDeploymentPostprocessing = 0;
		};
/* End PBXSourcesBuildPhase section */

/* Begin XCBuildConfiguration section */
		1457DCCF252C69400046DDAC /* Debug */ = {
			isa = XCBuildConfiguration;
			buildSettings = {
				CLANG_WARN_QUOTED_INCLUDE_IN_FRAMEWORK_HEADER = YES;
				CODE_SIGN_STYLE = Automatic;
				DEVELOPMENT_TEAM = 53X2422NYU;
				ENABLE_HARDENED_RUNTIME = YES;
				MTL_ENABLE_DEBUG_INFO = INCLUDE_SOURCE;
				MTL_FAST_MATH = YES;
				PRODUCT_NAME = "$(TARGET_NAME)";
				SWIFT_ACTIVE_COMPILATION_CONDITIONS = DEBUG;
				SWIFT_OPTIMIZATION_LEVEL = "-Onone";
				SWIFT_VERSION = 5.0;
			};
			name = Debug;
		};
		1457DCD0252C69400046DDAC /* Release */ = {
			isa = XCBuildConfiguration;
			buildSettings = {
				CLANG_WARN_QUOTED_INCLUDE_IN_FRAMEWORK_HEADER = YES;
				CODE_SIGN_STYLE = Automatic;
				DEVELOPMENT_TEAM = 53X2422NYU;
				ENABLE_HARDENED_RUNTIME = YES;
				MTL_FAST_MATH = YES;
				PRODUCT_NAME = "$(TARGET_NAME)";
				SWIFT_COMPILATION_MODE = wholemodule;
				SWIFT_OPTIMIZATION_LEVEL = "-O";
				SWIFT_VERSION = 5.0;
			};
			name = Release;
		};
		1498C58D2096407E0009CF61 /* Debug */ = {
			isa = XCBuildConfiguration;
			buildSettings = {
				ALWAYS_SEARCH_USER_PATHS = NO;
				CLANG_ANALYZER_NONNULL = YES;
				CLANG_ANALYZER_NUMBER_OBJECT_CONVERSION = YES_AGGRESSIVE;
				CLANG_CXX_LANGUAGE_STANDARD = "gnu++14";
				CLANG_CXX_LIBRARY = "libc++";
				CLANG_ENABLE_MODULES = YES;
				CLANG_ENABLE_OBJC_ARC = YES;
				CLANG_ENABLE_OBJC_WEAK = YES;
				CLANG_WARN_BLOCK_CAPTURE_AUTORELEASING = YES;
				CLANG_WARN_BOOL_CONVERSION = YES;
				CLANG_WARN_COMMA = YES;
				CLANG_WARN_CONSTANT_CONVERSION = YES;
				CLANG_WARN_DEPRECATED_OBJC_IMPLEMENTATIONS = YES;
				CLANG_WARN_DIRECT_OBJC_ISA_USAGE = YES_ERROR;
				CLANG_WARN_DOCUMENTATION_COMMENTS = YES;
				CLANG_WARN_EMPTY_BODY = YES;
				CLANG_WARN_ENUM_CONVERSION = YES;
				CLANG_WARN_INFINITE_RECURSION = YES;
				CLANG_WARN_INT_CONVERSION = YES;
				CLANG_WARN_NON_LITERAL_NULL_CONVERSION = YES;
				CLANG_WARN_OBJC_IMPLICIT_RETAIN_SELF = YES;
				CLANG_WARN_OBJC_LITERAL_CONVERSION = YES;
				CLANG_WARN_OBJC_ROOT_CLASS = YES_ERROR;
				CLANG_WARN_RANGE_LOOP_ANALYSIS = YES;
				CLANG_WARN_STRICT_PROTOTYPES = YES;
				CLANG_WARN_SUSPICIOUS_MOVE = YES;
				CLANG_WARN_UNGUARDED_AVAILABILITY = YES_AGGRESSIVE;
				CLANG_WARN_UNREACHABLE_CODE = YES;
				CLANG_WARN__DUPLICATE_METHOD_MATCH = YES;
				CODE_SIGN_IDENTITY = "-";
				COPY_PHASE_STRIP = NO;
				DEBUG_INFORMATION_FORMAT = dwarf;
				ENABLE_STRICT_OBJC_MSGSEND = YES;
				ENABLE_TESTABILITY = YES;
				GCC_C_LANGUAGE_STANDARD = gnu11;
				GCC_DYNAMIC_NO_PIC = NO;
				GCC_NO_COMMON_BLOCKS = YES;
				GCC_OPTIMIZATION_LEVEL = 0;
				GCC_PREPROCESSOR_DEFINITIONS = (
					"DEBUG=1",
					"$(inherited)",
				);
				GCC_WARN_64_TO_32_BIT_CONVERSION = YES;
				GCC_WARN_ABOUT_RETURN_TYPE = YES_ERROR;
				GCC_WARN_UNDECLARED_SELECTOR = YES;
				GCC_WARN_UNINITIALIZED_AUTOS = YES_AGGRESSIVE;
				GCC_WARN_UNUSED_FUNCTION = YES;
				GCC_WARN_UNUSED_VARIABLE = YES;
				MACOSX_DEPLOYMENT_TARGET = 10.15;
				MTL_ENABLE_DEBUG_INFO = YES;
				ONLY_ACTIVE_ARCH = YES;
				SDKROOT = macosx;
			};
			name = Debug;
		};
		1498C58E2096407E0009CF61 /* Release */ = {
			isa = XCBuildConfiguration;
			buildSettings = {
				ALWAYS_SEARCH_USER_PATHS = NO;
				CLANG_ANALYZER_NONNULL = YES;
				CLANG_ANALYZER_NUMBER_OBJECT_CONVERSION = YES_AGGRESSIVE;
				CLANG_CXX_LANGUAGE_STANDARD = "gnu++14";
				CLANG_CXX_LIBRARY = "libc++";
				CLANG_ENABLE_MODULES = YES;
				CLANG_ENABLE_OBJC_ARC = YES;
				CLANG_ENABLE_OBJC_WEAK = YES;
				CLANG_WARN_BLOCK_CAPTURE_AUTORELEASING = YES;
				CLANG_WARN_BOOL_CONVERSION = YES;
				CLANG_WARN_COMMA = YES;
				CLANG_WARN_CONSTANT_CONVERSION = YES;
				CLANG_WARN_DEPRECATED_OBJC_IMPLEMENTATIONS = YES;
				CLANG_WARN_DIRECT_OBJC_ISA_USAGE = YES_ERROR;
				CLANG_WARN_DOCUMENTATION_COMMENTS = YES;
				CLANG_WARN_EMPTY_BODY = YES;
				CLANG_WARN_ENUM_CONVERSION = YES;
				CLANG_WARN_INFINITE_RECURSION = YES;
				CLANG_WARN_INT_CONVERSION = YES;
				CLANG_WARN_NON_LITERAL_NULL_CONVERSION = YES;
				CLANG_WARN_OBJC_IMPLICIT_RETAIN_SELF = YES;
				CLANG_WARN_OBJC_LITERAL_CONVERSION = YES;
				CLANG_WARN_OBJC_ROOT_CLASS = YES_ERROR;
				CLANG_WARN_RANGE_LOOP_ANALYSIS = YES;
				CLANG_WARN_STRICT_PROTOTYPES = YES;
				CLANG_WARN_SUSPICIOUS_MOVE = YES;
				CLANG_WARN_UNGUARDED_AVAILABILITY = YES_AGGRESSIVE;
				CLANG_WARN_UNREACHABLE_CODE = YES;
				CLANG_WARN__DUPLICATE_METHOD_MATCH = YES;
				CODE_SIGN_IDENTITY = "-";
				COPY_PHASE_STRIP = NO;
				DEBUG_INFORMATION_FORMAT = "dwarf-with-dsym";
				ENABLE_NS_ASSERTIONS = NO;
				ENABLE_STRICT_OBJC_MSGSEND = YES;
				GCC_C_LANGUAGE_STANDARD = gnu11;
				GCC_NO_COMMON_BLOCKS = YES;
				GCC_WARN_64_TO_32_BIT_CONVERSION = YES;
				GCC_WARN_ABOUT_RETURN_TYPE = YES_ERROR;
				GCC_WARN_UNDECLARED_SELECTOR = YES;
				GCC_WARN_UNINITIALIZED_AUTOS = YES_AGGRESSIVE;
				GCC_WARN_UNUSED_FUNCTION = YES;
				GCC_WARN_UNUSED_VARIABLE = YES;
				MACOSX_DEPLOYMENT_TARGET = 10.15;
				MTL_ENABLE_DEBUG_INFO = NO;
				SDKROOT = macosx;
			};
			name = Release;
		};
/* End XCBuildConfiguration section */

/* Begin XCConfigurationList section */
		1457DCCE252C69400046DDAC /* Build configuration list for PBXNativeTarget "MIOTool" */ = {
			isa = XCConfigurationList;
			buildConfigurations = (
				1457DCCF252C69400046DDAC /* Debug */,
				1457DCD0252C69400046DDAC /* Release */,
			);
			defaultConfigurationIsVisible = 0;
			defaultConfigurationName = Release;
		};
		1498C5832096407E0009CF61 /* Build configuration list for PBXProject "MIOTool" */ = {
			isa = XCConfigurationList;
			buildConfigurations = (
				1498C58D2096407E0009CF61 /* Debug */,
				1498C58E2096407E0009CF61 /* Release */,
			);
			defaultConfigurationIsVisible = 0;
			defaultConfigurationName = Release;
		};
/* End XCConfigurationList section */
	};
	rootObject = 1498C5802096407E0009CF61 /* Project object */;
}
